
Microsoft Visual Studio Solution File, Format Version 12.00
# Visual Studio Version 17
VisualStudioVersion = 17.14.36518.9 d17.14
MinimumVisualStudioVersion = 10.0.40219.1
Project("{FAE04EC0-301F-11D3-BF4B-00C04F79EFBC}") = "sudokuCLI", "sudokuCLI\sudokuCLI.csproj", "{4D4B5A54-D74D-4617-9CB9-F7F5585CA466}"
EndProject
Global
	GlobalSection(SolutionConfigurationPlatforms) = preSolution
		Debug|Any CPU = Debug|Any CPU
		Release|Any CPU = Release|Any CPU
	EndGlobalSection
	GlobalSection(ProjectConfigurationPlatforms) = postSolution
		{4D4B5A54-D74D-4617-9CB9-F7F5585CA466}.Debug|Any CPU.ActiveCfg = Debug|Any CPU
		{4D4B5A54-D74D-4617-9CB9-F7F5585CA466}.Debug|Any CPU.Build.0 = Debug|Any CPU
		{4D4B5A54-D74D-4617-9CB9-F7F5585CA466}.Release|Any CPU.ActiveCfg = Release|Any CPU
		{4D4B5A54-D74D-4617-9CB9-F7F5585CA466}.Release|Any CPU.Build.0 = Release|Any CPU
	EndGlobalSection
	GlobalSection(SolutionProperties) = preSolution
		HideSolutionNode = FALSE
	EndGlobalSection
	GlobalSection(ExtensibilityGlobals) = postSolution
		SolutionGuid = {18883861-7924-461B-B028-6E2B4C988C27}
	EndGlobalSection
EndGlobal
